
Microsoft Visual Studio Solution File, Format Version 12.00
# Visual Studio Version 16
VisualStudioVersion = 16.0.31727.386
MinimumVisualStudioVersion = 10.0.40219.1
Project("{FAE04EC0-301F-11D3-BF4B-00C04F79EFBC}") = "Repro-TestExplorer", "Repro-TestExplorer.csproj", "{8EACB2AE-B9EE-4D65-BD8E-34E3ACA4B152}"
EndProject
Global
	GlobalSection(SolutionConfigurationPlatforms) = preSolution
		Debug|Any CPU = Debug|Any CPU
		Release|Any CPU = Release|Any CPU
	EndGlobalSection
	GlobalSection(ProjectConfigurationPlatforms) = postSolution
		{8EACB2AE-B9EE-4D65-BD8E-34E3ACA4B152}.Debug|Any CPU.ActiveCfg = Debug|Any CPU
		{8EACB2AE-B9EE-4D65-BD8E-34E3ACA4B152}.Debug|Any CPU.Build.0 = Debug|Any CPU
		{8EACB2AE-B9EE-4D65-BD8E-34E3ACA4B152}.Release|Any CPU.ActiveCfg = Release|Any CPU
		{8EACB2AE-B9EE-4D65-BD8E-34E3ACA4B152}.Release|Any CPU.Build.0 = Release|Any CPU
	EndGlobalSection
	GlobalSection(SolutionProperties) = preSolution
		HideSolutionNode = FALSE
	EndGlobalSection
	GlobalSection(ExtensibilityGlobals) = postSolution
		SolutionGuid = {C04AC0BB-526F-4D60-8EDF-1059BDFCA07F}
	EndGlobalSection
EndGlobal
